
Microsoft Visual Studio Solution File, Format Version 12.00
# Visual Studio 15
VisualStudioVersion = 15.0.27004.2005
MinimumVisualStudioVersion = 10.0.40219.1
Project("{FAE04EC0-301F-11D3-BF4B-00C04F79EFBC}") = "ProfferAPI", "ProfferAPI\ProfferAPI.csproj", "{F777CF1A-6116-4C96-A113-A75F88731E37}"
EndProject
Global
	GlobalSection(SolutionConfigurationPlatforms) = preSolution
		Debug|Any CPU = Debug|Any CPU
		Release|Any CPU = Release|Any CPU
	EndGlobalSection
	GlobalSection(ProjectConfigurationPlatforms) = postSolution
		{F777CF1A-6116-4C96-A113-A75F88731E37}.Debug|Any CPU.ActiveCfg = Debug|Any CPU
		{F777CF1A-6116-4C96-A113-A75F88731E37}.Debug|Any CPU.Build.0 = Debug|Any CPU
		{F777CF1A-6116-4C96-A113-A75F88731E37}.Release|Any CPU.ActiveCfg = Release|Any CPU
		{F777CF1A-6116-4C96-A113-A75F88731E37}.Release|Any CPU.Build.0 = Release|Any CPU
	EndGlobalSection
	GlobalSection(SolutionProperties) = preSolution
		HideSolutionNode = FALSE
	EndGlobalSection
	GlobalSection(ExtensibilityGlobals) = postSolution
		SolutionGuid = {08DC5E78-92DE-41EF-AC1D-B5D3FB6E7435}
	EndGlobalSection
EndGlobal
